
Microsoft Visual Studio Solution File, Format Version 12.00
# Visual Studio Version 17
VisualStudioVersion = 17.5.002.0
MinimumVisualStudioVersion = 10.0.40219.1
Project("{9A19103F-16F7-4668-BE54-9A1E7A4F7556}") = "Array", "Array\Array.csproj", "{647D9B63-B3AF-4D9E-93A4-566497FBDF13}"
EndProject
Project("{9A19103F-16F7-4668-BE54-9A1E7A4F7556}") = "Base", "Base\Base.csproj", "{A6AC20D0-DA1E-4CA4-B46C-FA9C4C80767A}"
EndProject
Project("{9A19103F-16F7-4668-BE54-9A1E7A4F7556}") = "Division", "Division\Division.csproj", "{E2D5F3B2-9F5B-4DA9-BD86-B827F992DB9F}"
EndProject
Project("{9A19103F-16F7-4668-BE54-9A1E7A4F7556}") = "For", "For\For.csproj", "{D7E5FE71-E682-4B4E-94EF-5717345D18AB}"
EndProject
Project("{9A19103F-16F7-4668-BE54-9A1E7A4F7556}") = "Hello_Console", "Hello_Console\Hello_Console.csproj", "{B3DE90EC-4496-48A4-88D6-6B4543569CC0}"
EndProject
Project("{9A19103F-16F7-4668-BE54-9A1E7A4F7556}") = "Hello_User", "Hello_User\Hello_User.csproj", "{A2EA8401-403E-4914-8963-A5836721749F}"
EndProject
Project("{9A19103F-16F7-4668-BE54-9A1E7A4F7556}") = "If", "If\If.csproj", "{B0D7C5BD-F7BD-46DE-A20A-4A3A12B2A0EE}"
EndProject
Project("{9A19103F-16F7-4668-BE54-9A1E7A4F7556}") = "IntroArray", "IntroArray\IntroArray.csproj", "{D40AF009-42C2-444E-AD21-88B3E29E9981}"
EndProject
Project("{9A19103F-16F7-4668-BE54-9A1E7A4F7556}") = "Sum", "Sum\Sum.csproj", "{5A8B1963-E66D-41E4-BE2F-8F92ABABEBD9}"
EndProject
Project("{9A19103F-16F7-4668-BE54-9A1E7A4F7556}") = "Task", "Task\Task.csproj", "{BAF54FE2-5BED-457C-9B40-DBA4B6B13B88}"
EndProject
Project("{9A19103F-16F7-4668-BE54-9A1E7A4F7556}") = "Task_10", "Task_10\Task_10.csproj", "{7EC47802-545C-4094-8583-338D84434ADE}"
EndProject
Project("{9A19103F-16F7-4668-BE54-9A1E7A4F7556}") = "Task_12", "Task_12\Task_12.csproj", "{A2E2DB9D-57E1-4B3B-9ECB-FDE58A042690}"
EndProject
Project("{9A19103F-16F7-4668-BE54-9A1E7A4F7556}") = "Task_14", "Task_14\Task_14.csproj", "{FF1F2EFA-9EF1-491B-843D-B4B4BCE26192}"
EndProject
Project("{9A19103F-16F7-4668-BE54-9A1E7A4F7556}") = "Task_15", "Task_15\Task_15.csproj", "{12EA8D78-BA30-46E8-B472-1A0EEF92850C}"
EndProject
Project("{9A19103F-16F7-4668-BE54-9A1E7A4F7556}") = "Task_24", "Task_24\Task_24.csproj", "{CE472DAC-1A8E-4BD4-B3A7-E99CC2B240CF}"
EndProject
Project("{9A19103F-16F7-4668-BE54-9A1E7A4F7556}") = "Task_26", "Task_26\Task_26.csproj", "{7254EA77-D2D7-4151-AB82-00C937723734}"
EndProject
Project("{9A19103F-16F7-4668-BE54-9A1E7A4F7556}") = "Task_28", "Task_28\Task_28.csproj", "{9BE550DF-B7D4-40BC-9918-9FF560D4E7D6}"
EndProject
Project("{9A19103F-16F7-4668-BE54-9A1E7A4F7556}") = "Task_30", "Task_30\Task_30.csproj", "{2F99E3D9-6EDB-47BC-8DC9-00862C218E14}"
EndProject
Project("{9A19103F-16F7-4668-BE54-9A1E7A4F7556}") = "Task_31", "Task_31\Task_31.csproj", "{A2FDE683-08BD-4C79-A210-AF5A1DF7176F}"
EndProject
Project("{9A19103F-16F7-4668-BE54-9A1E7A4F7556}") = "Task_32", "Task_32\Task_32.csproj", "{E503F293-52D0-4F69-828F-226A5316DC3D}"
EndProject
Project("{9A19103F-16F7-4668-BE54-9A1E7A4F7556}") = "Task_33", "Task_33\Task_33.csproj", "{7E94FA10-FF1A-45B4-B062-1459DA459334}"
EndProject
Project("{9A19103F-16F7-4668-BE54-9A1E7A4F7556}") = "Task_35", "Task_35\Task_35.csproj", "{4E9F7154-B816-4F13-BC55-FA3550C3C1D6}"
EndProject
Project("{9A19103F-16F7-4668-BE54-9A1E7A4F7556}") = "Task_37", "Task_37\Task_37.csproj", "{A5351096-F71D-4074-94F8-B608EDCEB4B3}"
EndProject
Project("{9A19103F-16F7-4668-BE54-9A1E7A4F7556}") = "Task_39", "Task_39\Task_39.csproj", "{56C5DFFF-6711-4795-A187-DFD2ED2B1DEC}"
EndProject
Project("{9A19103F-16F7-4668-BE54-9A1E7A4F7556}") = "Task_40", "Task_40\Task_40.csproj", "{6A9855B2-7D94-4C61-B3AC-267E072E0377}"
EndProject
Project("{9A19103F-16F7-4668-BE54-9A1E7A4F7556}") = "Task_42", "Task_42\Task_42.csproj", "{40492E15-EAD6-4E7E-9FBF-B1CB00495B8E}"
EndProject
Project("{9A19103F-16F7-4668-BE54-9A1E7A4F7556}") = "Task_44", "Task_44\Task_44.csproj", "{3F705DE7-1E1E-4E60-92EF-D457FD2F1B53}"
EndProject
Project("{9A19103F-16F7-4668-BE54-9A1E7A4F7556}") = "Task_45", "Task_45\Task_45.csproj", "{29B6FA71-F813-4496-8A5C-F9D8124F2753}"
EndProject
Project("{9A19103F-16F7-4668-BE54-9A1E7A4F7556}") = "Task_53", "Task_53\Task_53.csproj", "{8B903B6D-40B9-44C0-827B-7174F21B19D4}"
EndProject
Project("{9A19103F-16F7-4668-BE54-9A1E7A4F7556}") = "Task_55", "Task_55\Task_55.csproj", "{D3872045-76A6-452F-BCBD-1D5A7FC4220C}"
EndProject
Project("{9A19103F-16F7-4668-BE54-9A1E7A4F7556}") = "Task_57", "Task_57\Task_57.csproj", "{DC2EF129-C900-481E-983D-189635CDCE88}"
EndProject
Project("{9A19103F-16F7-4668-BE54-9A1E7A4F7556}") = "Task_59", "Task_59\Task_59.csproj", "{B2422095-6C08-47E1-8016-5FA31FE3AED5}"
EndProject
Project("{9A19103F-16F7-4668-BE54-9A1E7A4F7556}") = "Two_array", "Two_array\Two_array.csproj", "{838525A1-D83F-4512-AFD7-65800A266A75}"
EndProject
Project("{9A19103F-16F7-4668-BE54-9A1E7A4F7556}") = "While", "While\While.csproj", "{2CE93978-6C75-4E4A-BD4B-66C18A87A52C}"
EndProject
Global
	GlobalSection(SolutionConfigurationPlatforms) = preSolution
		Debug|Any CPU = Debug|Any CPU
		Release|Any CPU = Release|Any CPU
	EndGlobalSection
	GlobalSection(ProjectConfigurationPlatforms) = postSolution
		{647D9B63-B3AF-4D9E-93A4-566497FBDF13}.Debug|Any CPU.ActiveCfg = Debug|Any CPU
		{647D9B63-B3AF-4D9E-93A4-566497FBDF13}.Debug|Any CPU.Build.0 = Debug|Any CPU
		{647D9B63-B3AF-4D9E-93A4-566497FBDF13}.Release|Any CPU.ActiveCfg = Release|Any CPU
		{647D9B63-B3AF-4D9E-93A4-566497FBDF13}.Release|Any CPU.Build.0 = Release|Any CPU
		{A6AC20D0-DA1E-4CA4-B46C-FA9C4C80767A}.Debug|Any CPU.ActiveCfg = Debug|Any CPU
		{A6AC20D0-DA1E-4CA4-B46C-FA9C4C80767A}.Debug|Any CPU.Build.0 = Debug|Any CPU
		{A6AC20D0-DA1E-4CA4-B46C-FA9C4C80767A}.Release|Any CPU.ActiveCfg = Release|Any CPU
		{A6AC20D0-DA1E-4CA4-B46C-FA9C4C80767A}.Release|Any CPU.Build.0 = Release|Any CPU
		{E2D5F3B2-9F5B-4DA9-BD86-B827F992DB9F}.Debug|Any CPU.ActiveCfg = Debug|Any CPU
		{E2D5F3B2-9F5B-4DA9-BD86-B827F992DB9F}.Debug|Any CPU.Build.0 = Debug|Any CPU
		{E2D5F3B2-9F5B-4DA9-BD86-B827F992DB9F}.Release|Any CPU.ActiveCfg = Release|Any CPU
		{E2D5F3B2-9F5B-4DA9-BD86-B827F992DB9F}.Release|Any CPU.Build.0 = Release|Any CPU
		{D7E5FE71-E682-4B4E-94EF-5717345D18AB}.Debug|Any CPU.ActiveCfg = Debug|Any CPU
		{D7E5FE71-E682-4B4E-94EF-5717345D18AB}.Debug|Any CPU.Build.0 = Debug|Any CPU
		{D7E5FE71-E682-4B4E-94EF-5717345D18AB}.Release|Any CPU.ActiveCfg = Release|Any CPU
		{D7E5FE71-E682-4B4E-94EF-5717345D18AB}.Release|Any CPU.Build.0 = Release|Any CPU
		{B3DE90EC-4496-48A4-88D6-6B4543569CC0}.Debug|Any CPU.ActiveCfg = Debug|Any CPU
		{B3DE90EC-4496-48A4-88D6-6B4543569CC0}.Debug|Any CPU.Build.0 = Debug|Any CPU
		{B3DE90EC-4496-48A4-88D6-6B4543569CC0}.Release|Any CPU.ActiveCfg = Release|Any CPU
		{B3DE90EC-4496-48A4-88D6-6B4543569CC0}.Release|Any CPU.Build.0 = Release|Any CPU
		{A2EA8401-403E-4914-8963-A5836721749F}.Debug|Any CPU.ActiveCfg = Debug|Any CPU
		{A2EA8401-403E-4914-8963-A5836721749F}.Debug|Any CPU.Build.0 = Debug|Any CPU
		{A2EA8401-403E-4914-8963-A5836721749F}.Release|Any CPU.ActiveCfg = Release|Any CPU
		{A2EA8401-403E-4914-8963-A5836721749F}.Release|Any CPU.Build.0 = Release|Any CPU
		{B0D7C5BD-F7BD-46DE-A20A-4A3A12B2A0EE}.Debug|Any CPU.ActiveCfg = Debug|Any CPU
		{B0D7C5BD-F7BD-46DE-A20A-4A3A12B2A0EE}.Debug|Any CPU.Build.0 = Debug|Any CPU
		{B0D7C5BD-F7BD-46DE-A20A-4A3A12B2A0EE}.Release|Any CPU.ActiveCfg = Release|Any CPU
		{B0D7C5BD-F7BD-46DE-A20A-4A3A12B2A0EE}.Release|Any CPU.Build.0 = Release|Any CPU
		{D40AF009-42C2-444E-AD21-88B3E29E9981}.Debug|Any CPU.ActiveCfg = Debug|Any CPU
		{D40AF009-42C2-444E-AD21-88B3E29E9981}.Debug|Any CPU.Build.0 = Debug|Any CPU
		{D40AF009-42C2-444E-AD21-88B3E29E9981}.Release|Any CPU.ActiveCfg = Release|Any CPU
		{D40AF009-42C2-444E-AD21-88B3E29E9981}.Release|Any CPU.Build.0 = Release|Any CPU
		{5A8B1963-E66D-41E4-BE2F-8F92ABABEBD9}.Debug|Any CPU.ActiveCfg = Debug|Any CPU
		{5A8B1963-E66D-41E4-BE2F-8F92ABABEBD9}.Debug|Any CPU.Build.0 = Debug|Any CPU
		{5A8B1963-E66D-41E4-BE2F-8F92ABABEBD9}.Release|Any CPU.ActiveCfg = Release|Any CPU
		{5A8B1963-E66D-41E4-BE2F-8F92ABABEBD9}.Release|Any CPU.Build.0 = Release|Any CPU
		{BAF54FE2-5BED-457C-9B40-DBA4B6B13B88}.Debug|Any CPU.ActiveCfg = Debug|Any CPU
		{BAF54FE2-5BED-457C-9B40-DBA4B6B13B88}.Debug|Any CPU.Build.0 = Debug|Any CPU
		{BAF54FE2-5BED-457C-9B40-DBA4B6B13B88}.Release|Any CPU.ActiveCfg = Release|Any CPU
		{BAF54FE2-5BED-457C-9B40-DBA4B6B13B88}.Release|Any CPU.Build.0 = Release|Any CPU
		{7EC47802-545C-4094-8583-338D84434ADE}.Debug|Any CPU.ActiveCfg = Debug|Any CPU
		{7EC47802-545C-4094-8583-338D84434ADE}.Debug|Any CPU.Build.0 = Debug|Any CPU
		{7EC47802-545C-4094-8583-338D84434ADE}.Release|Any CPU.ActiveCfg = Release|Any CPU
		{7EC47802-545C-4094-8583-338D84434ADE}.Release|Any CPU.Build.0 = Release|Any CPU
		{A2E2DB9D-57E1-4B3B-9ECB-FDE58A042690}.Debug|Any CPU.ActiveCfg = Debug|Any CPU
		{A2E2DB9D-57E1-4B3B-9ECB-FDE58A042690}.Debug|Any CPU.Build.0 = Debug|Any CPU
		{A2E2DB9D-57E1-4B3B-9ECB-FDE58A042690}.Release|Any CPU.ActiveCfg = Release|Any CPU
		{A2E2DB9D-57E1-4B3B-9ECB-FDE58A042690}.Release|Any CPU.Build.0 = Release|Any CPU
		{FF1F2EFA-9EF1-491B-843D-B4B4BCE26192}.Debug|Any CPU.ActiveCfg = Debug|Any CPU
		{FF1F2EFA-9EF1-491B-843D-B4B4BCE26192}.Debug|Any CPU.Build.0 = Debug|Any CPU
		{FF1F2EFA-9EF1-491B-843D-B4B4BCE26192}.Release|Any CPU.ActiveCfg = Release|Any CPU
		{FF1F2EFA-9EF1-491B-843D-B4B4BCE26192}.Release|Any CPU.Build.0 = Release|Any CPU
		{12EA8D78-BA30-46E8-B472-1A0EEF92850C}.Debug|Any CPU.ActiveCfg = Debug|Any CPU
		{12EA8D78-BA30-46E8-B472-1A0EEF92850C}.Debug|Any CPU.Build.0 = Debug|Any CPU
		{12EA8D78-BA30-46E8-B472-1A0EEF92850C}.Release|Any CPU.ActiveCfg = Release|Any CPU
		{12EA8D78-BA30-46E8-B472-1A0EEF92850C}.Release|Any CPU.Build.0 = Release|Any CPU
		{CE472DAC-1A8E-4BD4-B3A7-E99CC2B240CF}.Debug|Any CPU.ActiveCfg = Debug|Any CPU
		{CE472DAC-1A8E-4BD4-B3A7-E99CC2B240CF}.Debug|Any CPU.Build.0 = Debug|Any CPU
		{CE472DAC-1A8E-4BD4-B3A7-E99CC2B240CF}.Release|Any CPU.ActiveCfg = Release|Any CPU
		{CE472DAC-1A8E-4BD4-B3A7-E99CC2B240CF}.Release|Any CPU.Build.0 = Release|Any CPU
		{7254EA77-D2D7-4151-AB82-00C937723734}.Debug|Any CPU.ActiveCfg = Debug|Any CPU
		{7254EA77-D2D7-4151-AB82-00C937723734}.Debug|Any CPU.Build.0 = Debug|Any CPU
		{7254EA77-D2D7-4151-AB82-00C937723734}.Release|Any CPU.ActiveCfg = Release|Any CPU
		{7254EA77-D2D7-4151-AB82-00C937723734}.Release|Any CPU.Build.0 = Release|Any CPU
		{9BE550DF-B7D4-40BC-9918-9FF560D4E7D6}.Debug|Any CPU.ActiveCfg = Debug|Any CPU
		{9BE550DF-B7D4-40BC-9918-9FF560D4E7D6}.Debug|Any CPU.Build.0 = Debug|Any CPU
		{9BE550DF-B7D4-40BC-9918-9FF560D4E7D6}.Release|Any CPU.ActiveCfg = Release|Any CPU
		{9BE550DF-B7D4-40BC-9918-9FF560D4E7D6}.Release|Any CPU.Build.0 = Release|Any CPU
		{2F99E3D9-6EDB-47BC-8DC9-00862C218E14}.Debug|Any CPU.ActiveCfg = Debug|Any CPU
		{2F99E3D9-6EDB-47BC-8DC9-00862C218E14}.Debug|Any CPU.Build.0 = Debug|Any CPU
		{2F99E3D9-6EDB-47BC-8DC9-00862C218E14}.Release|Any CPU.ActiveCfg = Release|Any CPU
		{2F99E3D9-6EDB-47BC-8DC9-00862C218E14}.Release|Any CPU.Build.0 = Release|Any CPU
		{A2FDE683-08BD-4C79-A210-AF5A1DF7176F}.Debug|Any CPU.ActiveCfg = Debug|Any CPU
		{A2FDE683-08BD-4C79-A210-AF5A1DF7176F}.Debug|Any CPU.Build.0 = Debug|Any CPU
		{A2FDE683-08BD-4C79-A210-AF5A1DF7176F}.Release|Any CPU.ActiveCfg = Release|Any CPU
		{A2FDE683-08BD-4C79-A210-AF5A1DF7176F}.Release|Any CPU.Build.0 = Release|Any CPU
		{E503F293-52D0-4F69-828F-226A5316DC3D}.Debug|Any CPU.ActiveCfg = Debug|Any CPU
		{E503F293-52D0-4F69-828F-226A5316DC3D}.Debug|Any CPU.Build.0 = Debug|Any CPU
		{E503F293-52D0-4F69-828F-226A5316DC3D}.Release|Any CPU.ActiveCfg = Release|Any CPU
		{E503F293-52D0-4F69-828F-226A5316DC3D}.Release|Any CPU.Build.0 = Release|Any CPU
		{7E94FA10-FF1A-45B4-B062-1459DA459334}.Debug|Any CPU.ActiveCfg = Debug|Any CPU
		{7E94FA10-FF1A-45B4-B062-1459DA459334}.Debug|Any CPU.Build.0 = Debug|Any CPU
		{7E94FA10-FF1A-45B4-B062-1459DA459334}.Release|Any CPU.ActiveCfg = Release|Any CPU
		{7E94FA10-FF1A-45B4-B062-1459DA459334}.Release|Any CPU.Build.0 = Release|Any CPU
		{4E9F7154-B816-4F13-BC55-FA3550C3C1D6}.Debug|Any CPU.ActiveCfg = Debug|Any CPU
		{4E9F7154-B816-4F13-BC55-FA3550C3C1D6}.Debug|Any CPU.Build.0 = Debug|Any CPU
		{4E9F7154-B816-4F13-BC55-FA3550C3C1D6}.Release|Any CPU.ActiveCfg = Release|Any CPU
		{4E9F7154-B816-4F13-BC55-FA3550C3C1D6}.Release|Any CPU.Build.0 = Release|Any CPU
		{A5351096-F71D-4074-94F8-B608EDCEB4B3}.Debug|Any CPU.ActiveCfg = Debug|Any CPU
		{A5351096-F71D-4074-94F8-B608EDCEB4B3}.Debug|Any CPU.Build.0 = Debug|Any CPU
		{A5351096-F71D-4074-94F8-B608EDCEB4B3}.Release|Any CPU.ActiveCfg = Release|Any CPU
		{A5351096-F71D-4074-94F8-B608EDCEB4B3}.Release|Any CPU.Build.0 = Release|Any CPU
		{56C5DFFF-6711-4795-A187-DFD2ED2B1DEC}.Debug|Any CPU.ActiveCfg = Debug|Any CPU
		{56C5DFFF-6711-4795-A187-DFD2ED2B1DEC}.Debug|Any CPU.Build.0 = Debug|Any CPU
		{56C5DFFF-6711-4795-A187-DFD2ED2B1DEC}.Release|Any CPU.ActiveCfg = Release|Any CPU
		{56C5DFFF-6711-4795-A187-DFD2ED2B1DEC}.Release|Any CPU.Build.0 = Release|Any CPU
		{6A9855B2-7D94-4C61-B3AC-267E072E0377}.Debug|Any CPU.ActiveCfg = Debug|Any CPU
		{6A9855B2-7D94-4C61-B3AC-267E072E0377}.Debug|Any CPU.Build.0 = Debug|Any CPU
		{6A9855B2-7D94-4C61-B3AC-267E072E0377}.Release|Any CPU.ActiveCfg = Release|Any CPU
		{6A9855B2-7D94-4C61-B3AC-267E072E0377}.Release|Any CPU.Build.0 = Release|Any CPU
		{40492E15-EAD6-4E7E-9FBF-B1CB00495B8E}.Debug|Any CPU.ActiveCfg = Debug|Any CPU
		{40492E15-EAD6-4E7E-9FBF-B1CB00495B8E}.Debug|Any CPU.Build.0 = Debug|Any CPU
		{40492E15-EAD6-4E7E-9FBF-B1CB00495B8E}.Release|Any CPU.ActiveCfg = Release|Any CPU
		{40492E15-EAD6-4E7E-9FBF-B1CB00495B8E}.Release|Any CPU.Build.0 = Release|Any CPU
		{3F705DE7-1E1E-4E60-92EF-D457FD2F1B53}.Debug|Any CPU.ActiveCfg = Debug|Any CPU
		{3F705DE7-1E1E-4E60-92EF-D457FD2F1B53}.Debug|Any CPU.Build.0 = Debug|Any CPU
		{3F705DE7-1E1E-4E60-92EF-D457FD2F1B53}.Release|Any CPU.ActiveCfg = Release|Any CPU
		{3F705DE7-1E1E-4E60-92EF-D457FD2F1B53}.Release|Any CPU.Build.0 = Release|Any CPU
		{29B6FA71-F813-4496-8A5C-F9D8124F2753}.Debug|Any CPU.ActiveCfg = Debug|Any CPU
		{29B6FA71-F813-4496-8A5C-F9D8124F2753}.Debug|Any CPU.Build.0 = Debug|Any CPU
		{29B6FA71-F813-4496-8A5C-F9D8124F2753}.Release|Any CPU.ActiveCfg = Release|Any CPU
		{29B6FA71-F813-4496-8A5C-F9D8124F2753}.Release|Any CPU.Build.0 = Release|Any CPU
		{8B903B6D-40B9-44C0-827B-7174F21B19D4}.Debug|Any CPU.ActiveCfg = Debug|Any CPU
		{8B903B6D-40B9-44C0-827B-7174F21B19D4}.Debug|Any CPU.Build.0 = Debug|Any CPU
		{8B903B6D-40B9-44C0-827B-7174F21B19D4}.Release|Any CPU.ActiveCfg = Release|Any CPU
		{8B903B6D-40B9-44C0-827B-7174F21B19D4}.Release|Any CPU.Build.0 = Release|Any CPU
		{D3872045-76A6-452F-BCBD-1D5A7FC4220C}.Debug|Any CPU.ActiveCfg = Debug|Any CPU
		{D3872045-76A6-452F-BCBD-1D5A7FC4220C}.Debug|Any CPU.Build.0 = Debug|Any CPU
		{D3872045-76A6-452F-BCBD-1D5A7FC4220C}.Release|Any CPU.ActiveCfg = Release|Any CPU
		{D3872045-76A6-452F-BCBD-1D5A7FC4220C}.Release|Any CPU.Build.0 = Release|Any CPU
		{DC2EF129-C900-481E-983D-189635CDCE88}.Debug|Any CPU.ActiveCfg = Debug|Any CPU
		{DC2EF129-C900-481E-983D-189635CDCE88}.Debug|Any CPU.Build.0 = Debug|Any CPU
		{DC2EF129-C900-481E-983D-189635CDCE88}.Release|Any CPU.ActiveCfg = Release|Any CPU
		{DC2EF129-C900-481E-983D-189635CDCE88}.Release|Any CPU.Build.0 = Release|Any CPU
		{B2422095-6C08-47E1-8016-5FA31FE3AED5}.Debug|Any CPU.ActiveCfg = Debug|Any CPU
		{B2422095-6C08-47E1-8016-5FA31FE3AED5}.Debug|Any CPU.Build.0 = Debug|Any CPU
		{B2422095-6C08-47E1-8016-5FA31FE3AED5}.Release|Any CPU.ActiveCfg = Release|Any CPU
		{B2422095-6C08-47E1-8016-5FA31FE3AED5}.Release|Any CPU.Build.0 = Release|Any CPU
		{838525A1-D83F-4512-AFD7-65800A266A75}.Debug|Any CPU.ActiveCfg = Debug|Any CPU
		{838525A1-D83F-4512-AFD7-65800A266A75}.Debug|Any CPU.Build.0 = Debug|Any CPU
		{838525A1-D83F-4512-AFD7-65800A266A75}.Release|Any CPU.ActiveCfg = Release|Any CPU
		{838525A1-D83F-4512-AFD7-65800A266A75}.Release|Any CPU.Build.0 = Release|Any CPU
		{2CE93978-6C75-4E4A-BD4B-66C18A87A52C}.Debug|Any CPU.ActiveCfg = Debug|Any CPU
		{2CE93978-6C75-4E4A-BD4B-66C18A87A52C}.Debug|Any CPU.Build.0 = Debug|Any CPU
		{2CE93978-6C75-4E4A-BD4B-66C18A87A52C}.Release|Any CPU.ActiveCfg = Release|Any CPU
		{2CE93978-6C75-4E4A-BD4B-66C18A87A52C}.Release|Any CPU.Build.0 = Release|Any CPU
	EndGlobalSection
	GlobalSection(SolutionProperties) = preSolution
		HideSolutionNode = FALSE
	EndGlobalSection
	GlobalSection(ExtensibilityGlobals) = postSolution
		SolutionGuid = {6666D841-AA80-4D29-9CDF-CFFAEFEE0C8B}
	EndGlobalSection
EndGlobal
